
Microsoft Visual Studio Solution File, Format Version 12.00
# Visual Studio Version 17
VisualStudioVersion = 17.5.33516.290
MinimumVisualStudioVersion = 10.0.40219.1
Project("{FAE04EC0-301F-11D3-BF4B-00C04F79EFBC}") = "BaiTapCShap+SQL", "BaiTapCShap\BaiTapCShap+SQL.csproj", "{389F2FA9-E908-4376-A513-DEE6177A7E1C}"
EndProject
Project("{FAE04EC0-301F-11D3-BF4B-00C04F79EFBC}") = "Bot_SV", "Bot_SV\Bot_SV.csproj", "{AD8A127E-90AC-45DB-90CC-1AB84BE794EE}"
EndProject
Project("{FAE04EC0-301F-11D3-BF4B-00C04F79EFBC}") = "baitaplon", "..\baitaplon\baitaplon\baitaplon.csproj", "{96CE8FA4-6D97-47A3-BE8F-7C72CA7C88CD}"
EndProject
Global
	GlobalSection(SolutionConfigurationPlatforms) = preSolution
		Debug|Any CPU = Debug|Any CPU
		Release|Any CPU = Release|Any CPU
	EndGlobalSection
	GlobalSection(ProjectConfigurationPlatforms) = postSolution
		{389F2FA9-E908-4376-A513-DEE6177A7E1C}.Debug|Any CPU.ActiveCfg = Debug|Any CPU
		{389F2FA9-E908-4376-A513-DEE6177A7E1C}.Debug|Any CPU.Build.0 = Debug|Any CPU
		{389F2FA9-E908-4376-A513-DEE6177A7E1C}.Release|Any CPU.ActiveCfg = Release|Any CPU
		{389F2FA9-E908-4376-A513-DEE6177A7E1C}.Release|Any CPU.Build.0 = Release|Any CPU
		{AD8A127E-90AC-45DB-90CC-1AB84BE794EE}.Debug|Any CPU.ActiveCfg = Debug|Any CPU
		{AD8A127E-90AC-45DB-90CC-1AB84BE794EE}.Debug|Any CPU.Build.0 = Debug|Any CPU
		{AD8A127E-90AC-45DB-90CC-1AB84BE794EE}.Release|Any CPU.ActiveCfg = Release|Any CPU
		{AD8A127E-90AC-45DB-90CC-1AB84BE794EE}.Release|Any CPU.Build.0 = Release|Any CPU
		{96CE8FA4-6D97-47A3-BE8F-7C72CA7C88CD}.Debug|Any CPU.ActiveCfg = Debug|Any CPU
		{96CE8FA4-6D97-47A3-BE8F-7C72CA7C88CD}.Debug|Any CPU.Build.0 = Debug|Any CPU
		{96CE8FA4-6D97-47A3-BE8F-7C72CA7C88CD}.Release|Any CPU.ActiveCfg = Release|Any CPU
		{96CE8FA4-6D97-47A3-BE8F-7C72CA7C88CD}.Release|Any CPU.Build.0 = Release|Any CPU
	EndGlobalSection
	GlobalSection(SolutionProperties) = preSolution
		HideSolutionNode = FALSE
	EndGlobalSection
	GlobalSection(ExtensibilityGlobals) = postSolution
		SolutionGuid = {9351C423-499D-4BDF-B6AF-72AF4808644B}
	EndGlobalSection
EndGlobal
